<?xml version="1.0" encoding="utf-8"?>
<Project ToolsVersion="4.0" xmlns="http://schemas.microsoft.com/developer/msbuild/2003">
  <ItemGroup>
    <Filter Include="Land">
      <UniqueIdentifier>{8467887C-709E-890D-198B-6F1005A1050F}</UniqueIdentifier>
    </Filter>
    <Filter Include="Land\Events">
      <UniqueIdentifier>{E8F6952D-54AC-0E23-DDA0-08FA49550527}</UniqueIdentifier>
    </Filter>
  </ItemGroup>
  <ItemGroup>
    <ClInclude Include="src\Land.h" />
    <ClInclude Include="src\Land\Application.h">
      <Filter>Land</Filter>
    </ClInclude>
    <ClInclude Include="src\Land\Core.h">
      <Filter>Land</Filter>
    </ClInclude>
    <ClInclude Include="src\Land\EntryPoint.h">
      <Filter>Land</Filter>
    </ClInclude>
    <ClInclude Include="src\Land\Events\ApplicationEvent.h">
      <Filter>Land\Events</Filter>
    </ClInclude>
    <ClInclude Include="src\Land\Events\Event.h">
      <Filter>Land\Events</Filter>
    </ClInclude>
    <ClInclude Include="src\Land\Events\KeyEvent.h">
      <Filter>Land\Events</Filter>
    </ClInclude>
    <ClInclude Include="src\Land\Events\MouseEvent.h">
      <Filter>Land\Events</Filter>
    </ClInclude>
    <ClInclude Include="src\Land\Log.h">
      <Filter>Land</Filter>
    </ClInclude>
  </ItemGroup>
  <ItemGroup>
    <ClCompile Include="src\Land\Application.cpp">
      <Filter>Land</Filter>
    </ClCompile>
    <ClCompile Include="src\Land\Log.cpp">
      <Filter>Land</Filter>
    </ClCompile>
  </ItemGroup>
</Project>