<?xml version="1.0" encoding="utf-8"?>
<Project ToolsVersion="4.0" xmlns="http://schemas.microsoft.com/developer/msbuild/2003">
  <ItemGroup>
    <Filter Include="Land">
      <UniqueIdentifier>{8467887C-709E-890D-198B-6F1005A1050F}</UniqueIdentifier>
    </Filter>
    <Filter Include="Land\Events">
      <UniqueIdentifier>{E8F6952D-54AC-0E23-DDA0-08FA49550527}</UniqueIdentifier>
    </Filter>
    <Filter Include="Land\ImGui">
      <UniqueIdentifier>{AE6F0995-9A27-4BE2-032F-243EEF05E6D2}</UniqueIdentifier>
    </Filter>
    <Filter Include="Platform">
      <UniqueIdentifier>{2AC788B4-1694-E3BF-3FAD-D1672BD9184E}</UniqueIdentifier>
    </Filter>
    <Filter Include="Platform\OpenGL">
      <UniqueIdentifier>{1E7D2C1D-8A08-9AE1-9319-1DD6FF23F6E1}</UniqueIdentifier>
    </Filter>
    <Filter Include="Platform\Windows">
      <UniqueIdentifier>{64FBD71A-50F4-F66C-7926-DCF1657ED678}</UniqueIdentifier>
    </Filter>
  </ItemGroup>
  <ItemGroup>
    <ClInclude Include="src\Land.h" />
    <ClInclude Include="src\Land\Application.h">
      <Filter>Land</Filter>
    </ClInclude>
    <ClInclude Include="src\Land\Core.h">
      <Filter>Land</Filter>
    </ClInclude>
    <ClInclude Include="src\Land\EntryPoint.h">
      <Filter>Land</Filter>
    </ClInclude>
    <ClInclude Include="src\Land\Events\ApplicationEvent.h">
      <Filter>Land\Events</Filter>
    </ClInclude>
    <ClInclude Include="src\Land\Events\Event.h">
      <Filter>Land\Events</Filter>
    </ClInclude>
    <ClInclude Include="src\Land\Events\KeyEvent.h">
      <Filter>Land\Events</Filter>
    </ClInclude>
    <ClInclude Include="src\Land\Events\MouseEvent.h">
      <Filter>Land\Events</Filter>
    </ClInclude>
    <ClInclude Include="src\Land\ImGui\ImGuiLayer.h">
      <Filter>Land\ImGui</Filter>
    </ClInclude>
    <ClInclude Include="src\Land\Layer.h">
      <Filter>Land</Filter>
    </ClInclude>
    <ClInclude Include="src\Land\LayerStack.h">
      <Filter>Land</Filter>
    </ClInclude>
    <ClInclude Include="src\Land\Log.h">
      <Filter>Land</Filter>
    </ClInclude>
    <ClInclude Include="src\Land\Window.h">
      <Filter>Land</Filter>
    </ClInclude>
    <ClInclude Include="src\Platform\OpenGL\ImGuiOpenGLRenderer.h">
      <Filter>Platform\OpenGL</Filter>
    </ClInclude>
    <ClInclude Include="src\Platform\Windows\WindowsWindow.h">
      <Filter>Platform\Windows</Filter>
    </ClInclude>
    <ClInclude Include="src\lapch.h" />
  </ItemGroup>
  <ItemGroup>
    <ClCompile Include="src\Land\Application.cpp">
      <Filter>Land</Filter>
    </ClCompile>
    <ClCompile Include="src\Land\ImGui\ImGuiLayer.cpp">
      <Filter>Land\ImGui</Filter>
    </ClCompile>
    <ClCompile Include="src\Land\Layer.cpp">
      <Filter>Land</Filter>
    </ClCompile>
    <ClCompile Include="src\Land\LayerStack.cpp">
      <Filter>Land</Filter>
    </ClCompile>
    <ClCompile Include="src\Land\Log.cpp">
      <Filter>Land</Filter>
    </ClCompile>
    <ClCompile Include="src\Platform\OpenGL\ImGuiOpenGLRenderer.cpp">
      <Filter>Platform\OpenGL</Filter>
    </ClCompile>
    <ClCompile Include="src\Platform\Windows\WindowsWindow.cpp">
      <Filter>Platform\Windows</Filter>
    </ClCompile>
    <ClCompile Include="src\lapch.cpp" />
  </ItemGroup>
</Project>